
Microsoft Visual Studio Solution File, Format Version 12.00
# Visual Studio 15
VisualStudioVersion = 15.0.28307.329
MinimumVisualStudioVersion = 10.0.40219.1
Project("{9A19103F-16F7-4668-BE54-9A1E7A4F7556}") = "StoryWebsite", "StoryWebsite\StoryWebsite.csproj", "{99C629BF-8F66-4C53-AFFC-9F5B38C466CF}"
EndProject
Project("{FAE04EC0-301F-11D3-BF4B-00C04F79EFBC}") = "ClientGUI", "ClientGUI\ClientGUI.csproj", "{9249E535-72BA-4619-B519-B9C67E4E1E29}"
EndProject
Global
	GlobalSection(SolutionConfigurationPlatforms) = preSolution
		Debug|Any CPU = Debug|Any CPU
		Release|Any CPU = Release|Any CPU
	EndGlobalSection
	GlobalSection(ProjectConfigurationPlatforms) = postSolution
		{99C629BF-8F66-4C53-AFFC-9F5B38C466CF}.Debug|Any CPU.ActiveCfg = Debug|Any CPU
		{99C629BF-8F66-4C53-AFFC-9F5B38C466CF}.Debug|Any CPU.Build.0 = Debug|Any CPU
		{99C629BF-8F66-4C53-AFFC-9F5B38C466CF}.Release|Any CPU.ActiveCfg = Release|Any CPU
		{99C629BF-8F66-4C53-AFFC-9F5B38C466CF}.Release|Any CPU.Build.0 = Release|Any CPU
		{9249E535-72BA-4619-B519-B9C67E4E1E29}.Debug|Any CPU.ActiveCfg = Debug|Any CPU
		{9249E535-72BA-4619-B519-B9C67E4E1E29}.Debug|Any CPU.Build.0 = Debug|Any CPU
		{9249E535-72BA-4619-B519-B9C67E4E1E29}.Release|Any CPU.ActiveCfg = Release|Any CPU
		{9249E535-72BA-4619-B519-B9C67E4E1E29}.Release|Any CPU.Build.0 = Release|Any CPU
	EndGlobalSection
	GlobalSection(SolutionProperties) = preSolution
		HideSolutionNode = FALSE
	EndGlobalSection
	GlobalSection(ExtensibilityGlobals) = postSolution
		SolutionGuid = {3B39D175-8D09-414E-BE88-FEB2188F9818}
	EndGlobalSection
EndGlobal
